// !$*UTF8*$!
{
	archiveVersion = 1;
	classes = {
	};
	objectVersion = 46;
	objects = {

/* Begin PBXBuildFile section */
		09E0C3191F29C8C0001CD9BE /* AppDelegate.swift in Sources */ = {isa = PBXBuildFile; fileRef = 09E0C3181F29C8C0001CD9BE /* AppDelegate.swift */; };
		09E0C31B1F29C8C0001CD9BE /* ViewController.swift in Sources */ = {isa = PBXBuildFile; fileRef = 09E0C31A1F29C8C0001CD9BE /* ViewController.swift */; };
		09E0C31E1F29C8C0001CD9BE /* Main.storyboard in Resources */ = {isa = PBXBuildFile; fileRef = 09E0C31C1F29C8C0001CD9BE /* Main.storyboard */; };
		09E0C3201F29C8C0001CD9BE /* Assets.xcassets in Resources */ = {isa = PBXBuildFile; fileRef = 09E0C31F1F29C8C0001CD9BE /* Assets.xcassets */; };
		09E0C3231F29C8C0001CD9BE /* LaunchScreen.storyboard in Resources */ = {isa = PBXBuildFile; fileRef = 09E0C3211F29C8C0001CD9BE /* LaunchScreen.storyboard */; };
		09E0C32B1F29CAD2001CD9BE /* UIView+Corner.swift in Sources */ = {isa = PBXBuildFile; fileRef = 09E0C32A1F29CAD2001CD9BE /* UIView+Corner.swift */; };
/* End PBXBuildFile section */

/* Begin PBXFileReference section */
		09E0C3151F29C8C0001CD9BE /* UIView+corner.app */ = {isa = PBXFileReference; explicitFileType = wrapper.application; includeInIndex = 0; path = "UIView+corner.app"; sourceTree = BUILT_PRODUCTS_DIR; };
		09E0C3181F29C8C0001CD9BE /* AppDelegate.swift */ = {isa = PBXFileReference; lastKnownFileType = sourcecode.swift; path = AppDelegate.swift; sourceTree = "<group>"; };
		09E0C31A1F29C8C0001CD9BE /* ViewController.swift */ = {isa = PBXFileReference; lastKnownFileType = sourcecode.swift; path = ViewController.swift; sourceTree = "<group>"; };
		09E0C31D1F29C8C0001CD9BE /* Base */ = {isa = PBXFileReference; lastKnownFileType = file.storyboard; name = Base; path = Base.lproj/Main.storyboard; sourceTree = "<group>"; };
		09E0C31F1F29C8C0001CD9BE /* Assets.xcassets */ = {isa = PBXFileReference; lastKnownFileType = folder.assetcatalog; path = Assets.xcassets; sourceTree = "<group>"; };
		09E0C3221F29C8C0001CD9BE /* Base */ = {isa = PBXFileReference; lastKnownFileType = file.storyboard; name = Base; path = Base.lproj/LaunchScreen.storyboard; sourceTree = "<group>"; };
		09E0C3241F29C8C0001CD9BE /* Info.plist */ = {isa = PBXFileReference; lastKnownFileType = text.plist.xml; path = Info.plist; sourceTree = "<group>"; };
		09E0C32A1F29CAD2001CD9BE /* UIView+Corner.swift */ = {isa = PBXFileReference; fileEncoding = 4; lastKnownFileType = sourcecode.swift; path = "UIView+Corner.swift"; sourceTree = "<group>"; };
/* End PBXFileReference section */

/* Begin PBXFrameworksBuildPhase section */
		09E0C3121F29C8C0001CD9BE /* Frameworks */ = {
			isa = PBXFrameworksBuildPhase;
			buildActionMask = 2147483647;
			files = (
			);
			runOnlyForDeploymentPostprocessing = 0;
		};
/* End PBXFrameworksBuildPhase section */

/* Begin PBXGroup section */
		09E0C30C1F29C8C0001CD9BE = {
			isa = PBXGroup;
			children = (
				09E0C3171F29C8C0001CD9BE /* UIView+corner */,
				09E0C3161F29C8C0001CD9BE /* Products */,
			);
			sourceTree = "<group>";
		};
		09E0C3161F29C8C0001CD9BE /* Products */ = {
			isa = PBXGroup;
			children = (
				09E0C3151F29C8C0001CD9BE /* UIView+corner.app */,
			);
			name = Products;
			sourceTree = "<group>";
		};
		09E0C3171F29C8C0001CD9BE /* UIView+corner */ = {
			isa = PBXGroup;
			children = (
				09E0C3181F29C8C0001CD9BE /* AppDelegate.swift */,
				09E0C31A1F29C8C0001CD9BE /* ViewController.swift */,
				09E0C32A1F29CAD2001CD9BE /* UIView+Corner.swift */,
				09E0C31C1F29C8C0001CD9BE /* Main.storyboard */,
				09E0C31F1F29C8C0001CD9BE /* Assets.xcassets */,
				09E0C3211F29C8C0001CD9BE /* LaunchScreen.storyboard */,
				09E0C3241F29C8C0001CD9BE /* Info.plist */,
			);
			path = "UIView+corner";
			sourceTree = "<group>";
		};
/* End PBXGroup section */

/* Begin PBXNativeTarget section */
		09E0C3141F29C8C0001CD9BE /* UIView+corner */ = {
			isa = PBXNativeTarget;
			buildConfigurationList = 09E0C3271F29C8C0001CD9BE /* Build configuration list for PBXNativeTarget "UIView+corner" */;
			buildPhases = (
				09E0C3111F29C8C0001CD9BE /* Sources */,
				09E0C3121F29C8C0001CD9BE /* Frameworks */,
				09E0C3131F29C8C0001CD9BE /* Resources */,
			);
			buildRules = (
			);
			dependencies = (
			);
			name = "UIView+corner";
			productName = "UIView+corner";
			productReference = 09E0C3151F29C8C0001CD9BE /* UIView+corner.app */;
			productType = "com.apple.product-type.application";
		};
/* End PBXNativeTarget section */

/* Begin PBXProject section */
		09E0C30D1F29C8C0001CD9BE /* Project object */ = {
			isa = PBXProject;
			attributes = {
				LastSwiftUpdateCheck = 0830;
				LastUpgradeCheck = 0830;
				ORGANIZATIONNAME = YJM;
				TargetAttributes = {
					09E0C3141F29C8C0001CD9BE = {
						CreatedOnToolsVersion = 8.3.3;
						DevelopmentTeam = SDZ663ZXXS;
						ProvisioningStyle = Automatic;
					};
				};
			};
			buildConfigurationList = 09E0C3101F29C8C0001CD9BE /* Build configuration list for PBXProject "UIView+corner" */;
			compatibilityVersion = "Xcode 3.2";
			developmentRegion = English;
			hasScannedForEncodings = 0;
			knownRegions = (
				en,
				Base,
			);
			mainGroup = 09E0C30C1F29C8C0001CD9BE;
			productRefGroup = 09E0C3161F29C8C0001CD9BE /* Products */;
			projectDirPath = "";
			projectRoot = "";
			targets = (
				09E0C3141F29C8C0001CD9BE /* UIView+corner */,
			);
		};
/* End PBXProject section */

/* Begin PBXResourcesBuildPhase section */
		09E0C3131F29C8C0001CD9BE /* Resources */ = {
			isa = PBXResourcesBuildPhase;
			buildActionMask = 2147483647;
			files = (
				09E0C3231F29C8C0001CD9BE /* LaunchScreen.storyboard in Resources */,
				09E0C3201F29C8C0001CD9BE /* Assets.xcassets in Resources */,
				09E0C31E1F29C8C0001CD9BE /* Main.storyboard in Resources */,
			);
			runOnlyForDeploymentPostprocessing = 0;
		};
/* End PBXResourcesBuildPhase section */

/* Begin PBXSourcesBuildPhase section */
		09E0C3111F29C8C0001CD9BE /* Sources */ = {
			isa = PBXSourcesBuildPhase;
			buildActionMask = 2147483647;
			files = (
				09E0C31B1F29C8C0001CD9BE /* ViewController.swift in Sources */,
				09E0C32B1F29CAD2001CD9BE /* UIView+Corner.swift in Sources */,
				09E0C3191F29C8C0001CD9BE /* AppDelegate.swift in Sources */,
			);
			runOnlyForDeploymentPostprocessing = 0;
		};
/* End PBXSourcesBuildPhase section */

/* Begin PBXVariantGroup section */
		09E0C31C1F29C8C0001CD9BE /* Main.storyboard */ = {
			isa = PBXVariantGroup;
			children = (
				09E0C31D1F29C8C0001CD9BE /* Base */,
			);
			name = Main.storyboard;
			sourceTree = "<group>";
		};
		09E0C3211F29C8C0001CD9BE /* LaunchScreen.storyboard */ = {
			isa = PBXVariantGroup;
			children = (
				09E0C3221F29C8C0001CD9BE /* Base */,
			);
			name = LaunchScreen.storyboard;
			sourceTree = "<group>";
		};
/* End PBXVariantGroup section */

/* Begin XCBuildConfiguration section */
		09E0C3251F29C8C0001CD9BE /* Debug */ = {
			isa = XCBuildConfiguration;
			buildSettings = {
				ALWAYS_SEARCH_USER_PATHS = NO;
				CLANG_ANALYZER_NONNULL = YES;
				CLANG_ANALYZER_NUMBER_OBJECT_CONVERSION = YES_AGGRESSIVE;
				CLANG_CXX_LANGUAGE_STANDARD = "gnu++0x";
				CLANG_CXX_LIBRARY = "libc++";
				CLANG_ENABLE_MODULES = YES;
				CLANG_ENABLE_OBJC_ARC = YES;
				CLANG_WARN_BOOL_CONVERSION = YES;
				CLANG_WARN_CONSTANT_CONVERSION = YES;
				CLANG_WARN_DIRECT_OBJC_ISA_USAGE = YES_ERROR;
				CLANG_WARN_DOCUMENTATION_COMMENTS = YES;
				CLANG_WARN_EMPTY_BODY = YES;
				CLANG_WARN_ENUM_CONVERSION = YES;
				CLANG_WARN_INFINITE_RECURSION = YES;
				CLANG_WARN_INT_CONVERSION = YES;
				CLANG_WARN_OBJC_ROOT_CLASS = YES_ERROR;
				CLANG_WARN_SUSPICIOUS_MOVE = YES;
				CLANG_WARN_UNREACHABLE_CODE = YES;
				CLANG_WARN__DUPLICATE_METHOD_MATCH = YES;
				"CODE_SIGN_IDENTITY[sdk=iphoneos*]" = "iPhone Developer";
				COPY_PHASE_STRIP = NO;
				DEBUG_INFORMATION_FORMAT = dwarf;
				ENABLE_STRICT_OBJC_MSGSEND = YES;
				ENABLE_TESTABILITY = YES;
				GCC_C_LANGUAGE_STANDARD = gnu99;
				GCC_DYNAMIC_NO_PIC = NO;
				GCC_NO_COMMON_BLOCKS = YES;
				GCC_OPTIMIZATION_LEVEL = 0;
				GCC_PREPROCESSOR_DEFINITIONS = (
					"DEBUG=1",
					"$(inherited)",
				);
				GCC_WARN_64_TO_32_BIT_CONVERSION = YES;
				GCC_WARN_ABOUT_RETURN_TYPE = YES_ERROR;
				GCC_WARN_UNDECLARED_SELECTOR = YES;
				GCC_WARN_UNINITIALIZED_AUTOS = YES_AGGRESSIVE;
				GCC_WARN_UNUSED_FUNCTION = YES;
				GCC_WARN_UNUSED_VARIABLE = YES;
				IPHONEOS_DEPLOYMENT_TARGET = 10.3;
				MTL_ENABLE_DEBUG_INFO = YES;
				ONLY_ACTIVE_ARCH = YES;
				SDKROOT = iphoneos;
				SWIFT_ACTIVE_COMPILATION_CONDITIONS = DEBUG;
				SWIFT_OPTIMIZATION_LEVEL = "-Onone";
			};
			name = Debug;
		};
		09E0C3261F29C8C0001CD9BE /* Release */ = {
			isa = XCBuildConfiguration;
			buildSettings = {
				ALWAYS_SEARCH_USER_PATHS = NO;
				CLANG_ANALYZER_NONNULL = YES;
				CLANG_ANALYZER_NUMBER_OBJECT_CONVERSION = YES_AGGRESSIVE;
				CLANG_CXX_LANGUAGE_STANDARD = "gnu++0x";
				CLANG_CXX_LIBRARY = "libc++";
				CLANG_ENABLE_MODULES = YES;
				CLANG_ENABLE_OBJC_ARC = YES;
				CLANG_WARN_BOOL_CONVERSION = YES;
				CLANG_WARN_CONSTANT_CONVERSION = YES;
				CLANG_WARN_DIRECT_OBJC_ISA_USAGE = YES_ERROR;
				CLANG_WARN_DOCUMENTATION_COMMENTS = YES;
				CLANG_WARN_EMPTY_BODY = YES;
				CLANG_WARN_ENUM_CONVERSION = YES;
				CLANG_WARN_INFINITE_RECURSION = YES;
				CLANG_WARN_INT_CONVERSION = YES;
				CLANG_WARN_OBJC_ROOT_CLASS = YES_ERROR;
				CLANG_WARN_SUSPICIOUS_MOVE = YES;
				CLANG_WARN_UNREACHABLE_CODE = YES;
				CLANG_WARN__DUPLICATE_METHOD_MATCH = YES;
				"CODE_SIGN_IDENTITY[sdk=iphoneos*]" = "iPhone Developer";
				COPY_PHASE_STRIP = NO;
				DEBUG_INFORMATION_FORMAT = "dwarf-with-dsym";
				ENABLE_NS_ASSERTIONS = NO;
				ENABLE_STRICT_OBJC_MSGSEND = YES;
				GCC_C_LANGUAGE_STANDARD = gnu99;
				GCC_NO_COMMON_BLOCKS = YES;
				GCC_WARN_64_TO_32_BIT_CONVERSION = YES;
				GCC_WARN_ABOUT_RETURN_TYPE = YES_ERROR;
				GCC_WARN_UNDECLARED_SELECTOR = YES;
				GCC_WARN_UNINITIALIZED_AUTOS = YES_AGGRESSIVE;
				GCC_WARN_UNUSED_FUNCTION = YES;
				GCC_WARN_UNUSED_VARIABLE = YES;
				IPHONEOS_DEPLOYMENT_TARGET = 10.3;
				MTL_ENABLE_DEBUG_INFO = NO;
				SDKROOT = iphoneos;
				SWIFT_OPTIMIZATION_LEVEL = "-Owholemodule";
				VALIDATE_PRODUCT = YES;
			};
			name = Release;
		};
		09E0C3281F29C8C0001CD9BE /* Debug */ = {
			isa = XCBuildConfiguration;
			buildSettings = {
				ASSETCATALOG_COMPILER_APPICON_NAME = AppIcon;
				DEVELOPMENT_TEAM = SDZ663ZXXS;
				INFOPLIST_FILE = "UIView+corner/Info.plist";
				LD_RUNPATH_SEARCH_PATHS = "$(inherited) @executable_path/Frameworks";
				PRODUCT_BUNDLE_IDENTIFIER = "com.YJM-Demo.YC.YJM.UIView-corner";
				PRODUCT_NAME = "$(TARGET_NAME)";
				SWIFT_VERSION = 3.0;
			};
			name = Debug;
		};
		09E0C3291F29C8C0001CD9BE /* Release */ = {
			isa = XCBuildConfiguration;
			buildSettings = {
				ASSETCATALOG_COMPILER_APPICON_NAME = AppIcon;
				DEVELOPMENT_TEAM = SDZ663ZXXS;
				INFOPLIST_FILE = "UIView+corner/Info.plist";
				LD_RUNPATH_SEARCH_PATHS = "$(inherited) @executable_path/Frameworks";
				PRODUCT_BUNDLE_IDENTIFIER = "com.YJM-Demo.YC.YJM.UIView-corner";
				PRODUCT_NAME = "$(TARGET_NAME)";
				SWIFT_VERSION = 3.0;
			};
			name = Release;
		};
/* End XCBuildConfiguration section */

/* Begin XCConfigurationList section */
		09E0C3101F29C8C0001CD9BE /* Build configuration list for PBXProject "UIView+corner" */ = {
			isa = XCConfigurationList;
			buildConfigurations = (
				09E0C3251F29C8C0001CD9BE /* Debug */,
				09E0C3261F29C8C0001CD9BE /* Release */,
			);
			defaultConfigurationIsVisible = 0;
			defaultConfigurationName = Release;
		};
		09E0C3271F29C8C0001CD9BE /* Build configuration list for PBXNativeTarget "UIView+corner" */ = {
			isa = XCConfigurationList;
			buildConfigurations = (
				09E0C3281F29C8C0001CD9BE /* Debug */,
				09E0C3291F29C8C0001CD9BE /* Release */,
			);
			defaultConfigurationIsVisible = 0;
			defaultConfigurationName = Release;
		};
/* End XCConfigurationList section */
	};
	rootObject = 09E0C30D1F29C8C0001CD9BE /* Project object */;
}
